Microsoft Visual Studio Solution File, Format Version 12.00
# Visual Studio 15
VisualStudioVersion = 15.0.27121.1
MinimumVisualStudioVersion = 10.0.40219.1
Project("{9A19103F-16F7-4668-BE54-9A1E7A4F7556}") = "ModifyVsixManifest", "src\ModifyVsixManifest\ModifyVsixManifest.csproj", "{0EAEBB0A-EE12-4929-8B0A-6953B0E852F9}"
EndProject
Project("{9A19103F-16F7-4668-BE54-9A1E7A4F7556}") = "SignTool", "src\SignTool\SignTool\SignTool.csproj", "{A7D04DF3-A6C5-45DA-BB6A-1496EB4A5641}"
EndProject
Project("{9A19103F-16F7-4668-BE54-9A1E7A4F7556}") = "SignTool.UnitTests", "src\SignTool\SignToolTests\SignTool.UnitTests.csproj", "{3C45CC30-043D-465A-B3E8-BA44346C5EB7}"
EndProject
Project("{9A19103F-16F7-4668-BE54-9A1E7A4F7556}") = "VSIXExpInstaller", "src\VSIXExpInstaller\VSIXExpInstaller.csproj", "{F9353E63-9148-4328-88AF-6514FF67ABFE}"
EndProject
Project("{9A19103F-16F7-4668-BE54-9A1E7A4F7556}") = "RepoToolset", "sdks\RepoToolset\RepoToolset.csproj", "{C01BFB87-04AD-4DA1-B3FB-1DCDB1FDBBD4}"
EndProject
Project("{2150E333-8FDC-42A3-9474-1A3956D46DE8}") = "VisualStudioInsertionTool", "VisualStudioInsertionTool", "{54B3835F-17DD-4749-B40D-1533BD81D36C}"
EndProject
Project("{9A19103F-16F7-4668-BE54-9A1E7A4F7556}") = "AsyncProcess", "src\RoslynInsertionTool\AsyncProcess\AsyncProcess.csproj", "{88805F4A-BD72-4B01-892E-BBCE4DEC7986}"
EndProject
Project("{9A19103F-16F7-4668-BE54-9A1E7A4F7556}") = "RoslynInsertionTool", "src\RoslynInsertionTool\RoslynInsertionTool\RoslynInsertionTool.csproj", "{542F8D69-0408-427F-B525-FC830B061E4B}"
EndProject
Project("{9A19103F-16F7-4668-BE54-9A1E7A4F7556}") = "SingleThreadSynchronizationContext", "src\RoslynInsertionTool\SingleThreadSynchronizationContext\SingleThreadSynchronizationContext.csproj", "{5B5D5620-AEAE-4F87-9905-9620D580FE32}"
EndProject
Project("{9A19103F-16F7-4668-BE54-9A1E7A4F7556}") = "RIT", "src\RoslynInsertionTool\RoslynInsertionTool.Commandline\RIT.csproj", "{6AC77B45-4E1F-48D0-B53F-FBD5CB193F99}"
EndProject
Project("{2150E333-8FDC-42A3-9474-1A3956D46DE8}") = "SDKs", "SDKs", "{57FAEEA0-DEBE-4939-85C9-FBDF07428CCB}"
EndProject
Project("{2150E333-8FDC-42A3-9474-1A3956D46DE8}") = "SignTool", "SignTool", "{8F3C808B-A685-40DF-8EB3-21899450347E}"
EndProject
Project("{2150E333-8FDC-42A3-9474-1A3956D46DE8}") = "VsixTools", "VsixTools", "{F6CFB9C6-B2ED-4079-BB9C-8B0558D0A28E}"
EndProject
Project("{2150E333-8FDC-42A3-9474-1A3956D46DE8}") = "NuGetTools", "NuGetTools", "{732A897A-76AE-41E3-A7E4-55F16C1D56EB}"
EndProject
Project("{9A19103F-16F7-4668-BE54-9A1E7A4F7556}") = "NuGetRepack", "src\NuGetRepack\NuGetRepack.csproj", "{DA82E3ED-FF80-4AB0-86E1-72E8029BBED4}"
EndProject
Project("{9A19103F-16F7-4668-BE54-9A1E7A4F7556}") = "NuGetRepack.Tests", "src\NuGetRepack.Tests\NuGetRepack.Tests.csproj", "{E381AF44-46B0-45D5-9CA8-A838CA1DA53E}"
EndProject
Project("{2150E333-8FDC-42A3-9474-1A3956D46DE8}") = "PerfTools", "PerfTools", "{0CBA4AF6-52CB-4F44-9175-9548D1381080}"
EndProject
Project("{9A19103F-16F7-4668-BE54-9A1E7A4F7556}") = "CompilerPerfTests", "src\CompilerPerfTests\CompilerPerfTests.csproj", "{EA1E25DA-BFC2-409D-A059-EF3D3F3C7224}"
EndProject
Project("{9A19103F-16F7-4668-BE54-9A1E7A4F7556}") = "RoslynTools.BuildTasks", "src\BuildTasks\RoslynTools.BuildTasks.csproj", "{995A02BA-FDE6-46E2-9983-2FAA299676DD}"
EndProject
Global
	GlobalSection(SolutionConfigurationPlatforms) = preSolution
		Debug|Any CPU = Debug|Any CPU
		Debug|x64 = Debug|x64
		Debug|x86 = Debug|x86
		Release|Any CPU = Release|Any CPU
		Release|x64 = Release|x64
		Release|x86 = Release|x86
	EndGlobalSection
	GlobalSection(ProjectConfigurationPlatforms) = postSolution
		{0EAEBB0A-EE12-4929-8B0A-6953B0E852F9}.Debug|Any CPU.ActiveCfg = Debug|Any CPU
		{0EAEBB0A-EE12-4929-8B0A-6953B0E852F9}.Debug|Any CPU.Build.0 = Debug|Any CPU
		{0EAEBB0A-EE12-4929-8B0A-6953B0E852F9}.Debug|x64.ActiveCfg = Debug|Any CPU
		{0EAEBB0A-EE12-4929-8B0A-6953B0E852F9}.Debug|x64.Build.0 = Debug|Any CPU
		{0EAEBB0A-EE12-4929-8B0A-6953B0E852F9}.Debug|x86.ActiveCfg = Debug|Any CPU
		{0EAEBB0A-EE12-4929-8B0A-6953B0E852F9}.Debug|x86.Build.0 = Debug|Any CPU
		{0EAEBB0A-EE12-4929-8B0A-6953B0E852F9}.Release|Any CPU.ActiveCfg = Release|Any CPU
		{0EAEBB0A-EE12-4929-8B0A-6953B0E852F9}.Release|Any CPU.Build.0 = Release|Any CPU
		{0EAEBB0A-EE12-4929-8B0A-6953B0E852F9}.Release|x64.ActiveCfg = Release|Any CPU
		{0EAEBB0A-EE12-4929-8B0A-6953B0E852F9}.Release|x64.Build.0 = Release|Any CPU
		{0EAEBB0A-EE12-4929-8B0A-6953B0E852F9}.Release|x86.ActiveCfg = Release|Any CPU
		{0EAEBB0A-EE12-4929-8B0A-6953B0E852F9}.Release|x86.Build.0 = Release|Any CPU
		{A7D04DF3-A6C5-45DA-BB6A-1496EB4A5641}.Debug|Any CPU.ActiveCfg = Debug|Any CPU
		{A7D04DF3-A6C5-45DA-BB6A-1496EB4A5641}.Debug|Any CPU.Build.0 = Debug|Any CPU
		{A7D04DF3-A6C5-45DA-BB6A-1496EB4A5641}.Debug|x64.ActiveCfg = Debug|Any CPU
		{A7D04DF3-A6C5-45DA-BB6A-1496EB4A5641}.Debug|x64.Build.0 = Debug|Any CPU
		{A7D04DF3-A6C5-45DA-BB6A-1496EB4A5641}.Debug|x86.ActiveCfg = Debug|Any CPU
		{A7D04DF3-A6C5-45DA-BB6A-1496EB4A5641}.Debug|x86.Build.0 = Debug|Any CPU
		{A7D04DF3-A6C5-45DA-BB6A-1496EB4A5641}.Release|Any CPU.ActiveCfg = Release|Any CPU
		{A7D04DF3-A6C5-45DA-BB6A-1496EB4A5641}.Release|Any CPU.Build.0 = Release|Any CPU
		{A7D04DF3-A6C5-45DA-BB6A-1496EB4A5641}.Release|x64.ActiveCfg = Release|Any CPU
		{A7D04DF3-A6C5-45DA-BB6A-1496EB4A5641}.Release|x64.Build.0 = Release|Any CPU
		{A7D04DF3-A6C5-45DA-BB6A-1496EB4A5641}.Release|x86.ActiveCfg = Release|Any CPU
		{A7D04DF3-A6C5-45DA-BB6A-1496EB4A5641}.Release|x86.Build.0 = Release|Any CPU
		{3C45CC30-043D-465A-B3E8-BA44346C5EB7}.Debug|Any CPU.ActiveCfg = Debug|Any CPU
		{3C45CC30-043D-465A-B3E8-BA44346C5EB7}.Debug|Any CPU.Build.0 = Debug|Any CPU
		{3C45CC30-043D-465A-B3E8-BA44346C5EB7}.Debug|x64.ActiveCfg = Debug|Any CPU
		{3C45CC30-043D-465A-B3E8-BA44346C5EB7}.Debug|x64.Build.0 = Debug|Any CPU
		{3C45CC30-043D-465A-B3E8-BA44346C5EB7}.Debug|x86.ActiveCfg = Debug|Any CPU
		{3C45CC30-043D-465A-B3E8-BA44346C5EB7}.Debug|x86.Build.0 = Debug|Any CPU
		{3C45CC30-043D-465A-B3E8-BA44346C5EB7}.Release|Any CPU.ActiveCfg = Release|Any CPU
		{3C45CC30-043D-465A-B3E8-BA44346C5EB7}.Release|Any CPU.Build.0 = Release|Any CPU
		{3C45CC30-043D-465A-B3E8-BA44346C5EB7}.Release|x64.ActiveCfg = Release|Any CPU
		{3C45CC30-043D-465A-B3E8-BA44346C5EB7}.Release|x64.Build.0 = Release|Any CPU
		{3C45CC30-043D-465A-B3E8-BA44346C5EB7}.Release|x86.ActiveCfg = Release|Any CPU
		{3C45CC30-043D-465A-B3E8-BA44346C5EB7}.Release|x86.Build.0 = Release|Any CPU
		{F9353E63-9148-4328-88AF-6514FF67ABFE}.Debug|Any CPU.ActiveCfg = Debug|Any CPU
		{F9353E63-9148-4328-88AF-6514FF67ABFE}.Debug|Any CPU.Build.0 = Debug|Any CPU
		{F9353E63-9148-4328-88AF-6514FF67ABFE}.Debug|x64.ActiveCfg = Debug|Any CPU
		{F9353E63-9148-4328-88AF-6514FF67ABFE}.Debug|x64.Build.0 = Debug|Any CPU
		{F9353E63-9148-4328-88AF-6514FF67ABFE}.Debug|x86.ActiveCfg = Debug|Any CPU
		{F9353E63-9148-4328-88AF-6514FF67ABFE}.Debug|x86.Build.0 = Debug|Any CPU
		{F9353E63-9148-4328-88AF-6514FF67ABFE}.Release|Any CPU.ActiveCfg = Release|Any CPU
		{F9353E63-9148-4328-88AF-6514FF67ABFE}.Release|Any CPU.Build.0 = Release|Any CPU
		{F9353E63-9148-4328-88AF-6514FF67ABFE}.Release|x64.ActiveCfg = Release|Any CPU
		{F9353E63-9148-4328-88AF-6514FF67ABFE}.Release|x64.Build.0 = Release|Any CPU
		{F9353E63-9148-4328-88AF-6514FF67ABFE}.Release|x86.ActiveCfg = Release|Any CPU
		{F9353E63-9148-4328-88AF-6514FF67ABFE}.Release|x86.Build.0 = Release|Any CPU
		{C01BFB87-04AD-4DA1-B3FB-1DCDB1FDBBD4}.Debug|Any CPU.ActiveCfg = Debug|Any CPU
		{C01BFB87-04AD-4DA1-B3FB-1DCDB1FDBBD4}.Debug|Any CPU.Build.0 = Debug|Any CPU
		{C01BFB87-04AD-4DA1-B3FB-1DCDB1FDBBD4}.Debug|x64.ActiveCfg = Debug|Any CPU
		{C01BFB87-04AD-4DA1-B3FB-1DCDB1FDBBD4}.Debug|x64.Build.0 = Debug|Any CPU
		{C01BFB87-04AD-4DA1-B3FB-1DCDB1FDBBD4}.Debug|x86.ActiveCfg = Debug|Any CPU
		{C01BFB87-04AD-4DA1-B3FB-1DCDB1FDBBD4}.Debug|x86.Build.0 = Debug|Any CPU
		{C01BFB87-04AD-4DA1-B3FB-1DCDB1FDBBD4}.Release|Any CPU.ActiveCfg = Release|Any CPU
		{C01BFB87-04AD-4DA1-B3FB-1DCDB1FDBBD4}.Release|Any CPU.Build.0 = Release|Any CPU
		{C01BFB87-04AD-4DA1-B3FB-1DCDB1FDBBD4}.Release|x64.ActiveCfg = Release|Any CPU
		{C01BFB87-04AD-4DA1-B3FB-1DCDB1FDBBD4}.Release|x64.Build.0 = Release|Any CPU
		{C01BFB87-04AD-4DA1-B3FB-1DCDB1FDBBD4}.Release|x86.ActiveCfg = Release|Any CPU
		{C01BFB87-04AD-4DA1-B3FB-1DCDB1FDBBD4}.Release|x86.Build.0 = Release|Any CPU
		{88805F4A-BD72-4B01-892E-BBCE4DEC7986}.Debug|Any CPU.ActiveCfg = Debug|Any CPU
		{88805F4A-BD72-4B01-892E-BBCE4DEC7986}.Debug|Any CPU.Build.0 = Debug|Any CPU
		{88805F4A-BD72-4B01-892E-BBCE4DEC7986}.Debug|x64.ActiveCfg = Debug|Any CPU
		{88805F4A-BD72-4B01-892E-BBCE4DEC7986}.Debug|x64.Build.0 = Debug|Any CPU
		{88805F4A-BD72-4B01-892E-BBCE4DEC7986}.Debug|x86.ActiveCfg = Debug|Any CPU
		{88805F4A-BD72-4B01-892E-BBCE4DEC7986}.Debug|x86.Build.0 = Debug|Any CPU
		{88805F4A-BD72-4B01-892E-BBCE4DEC7986}.Release|Any CPU.ActiveCfg = Release|Any CPU
		{88805F4A-BD72-4B01-892E-BBCE4DEC7986}.Release|Any CPU.Build.0 = Release|Any CPU
		{88805F4A-BD72-4B01-892E-BBCE4DEC7986}.Release|x64.ActiveCfg = Release|Any CPU
		{88805F4A-BD72-4B01-892E-BBCE4DEC7986}.Release|x64.Build.0 = Release|Any CPU
		{88805F4A-BD72-4B01-892E-BBCE4DEC7986}.Release|x86.ActiveCfg = Release|Any CPU
		{88805F4A-BD72-4B01-892E-BBCE4DEC7986}.Release|x86.Build.0 = Release|Any CPU
		{542F8D69-0408-427F-B525-FC830B061E4B}.Debug|Any CPU.ActiveCfg = Debug|Any CPU
		{542F8D69-0408-427F-B525-FC830B061E4B}.Debug|Any CPU.Build.0 = Debug|Any CPU
		{542F8D69-0408-427F-B525-FC830B061E4B}.Debug|x64.ActiveCfg = Debug|Any CPU
		{542F8D69-0408-427F-B525-FC830B061E4B}.Debug|x64.Build.0 = Debug|Any CPU
		{542F8D69-0408-427F-B525-FC830B061E4B}.Debug|x86.ActiveCfg = Debug|Any CPU
		{542F8D69-0408-427F-B525-FC830B061E4B}.Debug|x86.Build.0 = Debug|Any CPU
		{542F8D69-0408-427F-B525-FC830B061E4B}.Release|Any CPU.ActiveCfg = Release|Any CPU
		{542F8D69-0408-427F-B525-FC830B061E4B}.Release|Any CPU.Build.0 = Release|Any CPU
		{542F8D69-0408-427F-B525-FC830B061E4B}.Release|x64.ActiveCfg = Release|Any CPU
		{542F8D69-0408-427F-B525-FC830B061E4B}.Release|x64.Build.0 = Release|Any CPU
		{542F8D69-0408-427F-B525-FC830B061E4B}.Release|x86.ActiveCfg = Release|Any CPU
		{542F8D69-0408-427F-B525-FC830B061E4B}.Release|x86.Build.0 = Release|Any CPU
		{5B5D5620-AEAE-4F87-9905-9620D580FE32}.Debug|Any CPU.ActiveCfg = Debug|Any CPU
		{5B5D5620-AEAE-4F87-9905-9620D580FE32}.Debug|Any CPU.Build.0 = Debug|Any CPU
		{5B5D5620-AEAE-4F87-9905-9620D580FE32}.Debug|x64.ActiveCfg = Debug|Any CPU
		{5B5D5620-AEAE-4F87-9905-9620D580FE32}.Debug|x64.Build.0 = Debug|Any CPU
		{5B5D5620-AEAE-4F87-9905-9620D580FE32}.Debug|x86.ActiveCfg = Debug|Any CPU
		{5B5D5620-AEAE-4F87-9905-9620D580FE32}.Debug|x86.Build.0 = Debug|Any CPU
		{5B5D5620-AEAE-4F87-9905-9620D580FE32}.Release|Any CPU.ActiveCfg = Release|Any CPU
		{5B5D5620-AEAE-4F87-9905-9620D580FE32}.Release|Any CPU.Build.0 = Release|Any CPU
		{5B5D5620-AEAE-4F87-9905-9620D580FE32}.Release|x64.ActiveCfg = Release|Any CPU
		{5B5D5620-AEAE-4F87-9905-9620D580FE32}.Release|x64.Build.0 = Release|Any CPU
		{5B5D5620-AEAE-4F87-9905-9620D580FE32}.Release|x86.ActiveCfg = Release|Any CPU
		{5B5D5620-AEAE-4F87-9905-9620D580FE32}.Release|x86.Build.0 = Release|Any CPU
		{6AC77B45-4E1F-48D0-B53F-FBD5CB193F99}.Debug|Any CPU.ActiveCfg = Debug|Any CPU
		{6AC77B45-4E1F-48D0-B53F-FBD5CB193F99}.Debug|Any CPU.Build.0 = Debug|Any CPU
		{6AC77B45-4E1F-48D0-B53F-FBD5CB193F99}.Debug|x64.ActiveCfg = Debug|Any CPU
		{6AC77B45-4E1F-48D0-B53F-FBD5CB193F99}.Debug|x64.Build.0 = Debug|Any CPU
		{6AC77B45-4E1F-48D0-B53F-FBD5CB193F99}.Debug|x86.ActiveCfg = Debug|Any CPU
		{6AC77B45-4E1F-48D0-B53F-FBD5CB193F99}.Debug|x86.Build.0 = Debug|Any CPU
		{6AC77B45-4E1F-48D0-B53F-FBD5CB193F99}.Release|Any CPU.ActiveCfg = Release|Any CPU
		{6AC77B45-4E1F-48D0-B53F-FBD5CB193F99}.Release|Any CPU.Build.0 = Release|Any CPU
		{6AC77B45-4E1F-48D0-B53F-FBD5CB193F99}.Release|x64.ActiveCfg = Release|Any CPU
		{6AC77B45-4E1F-48D0-B53F-FBD5CB193F99}.Release|x64.Build.0 = Release|Any CPU
		{6AC77B45-4E1F-48D0-B53F-FBD5CB193F99}.Release|x86.ActiveCfg = Release|Any CPU
		{6AC77B45-4E1F-48D0-B53F-FBD5CB193F99}.Release|x86.Build.0 = Release|Any CPU
		{DA82E3ED-FF80-4AB0-86E1-72E8029BBED4}.Debug|Any CPU.ActiveCfg = Debug|Any CPU
		{DA82E3ED-FF80-4AB0-86E1-72E8029BBED4}.Debug|Any CPU.Build.0 = Debug|Any CPU
		{DA82E3ED-FF80-4AB0-86E1-72E8029BBED4}.Debug|x64.ActiveCfg = Debug|Any CPU
		{DA82E3ED-FF80-4AB0-86E1-72E8029BBED4}.Debug|x64.Build.0 = Debug|Any CPU
		{DA82E3ED-FF80-4AB0-86E1-72E8029BBED4}.Debug|x86.ActiveCfg = Debug|Any CPU
		{DA82E3ED-FF80-4AB0-86E1-72E8029BBED4}.Debug|x86.Build.0 = Debug|Any CPU
		{DA82E3ED-FF80-4AB0-86E1-72E8029BBED4}.Release|Any CPU.ActiveCfg = Release|Any CPU
		{DA82E3ED-FF80-4AB0-86E1-72E8029BBED4}.Release|Any CPU.Build.0 = Release|Any CPU
		{DA82E3ED-FF80-4AB0-86E1-72E8029BBED4}.Release|x64.ActiveCfg = Release|Any CPU
		{DA82E3ED-FF80-4AB0-86E1-72E8029BBED4}.Release|x64.Build.0 = Release|Any CPU
		{DA82E3ED-FF80-4AB0-86E1-72E8029BBED4}.Release|x86.ActiveCfg = Release|Any CPU
		{DA82E3ED-FF80-4AB0-86E1-72E8029BBED4}.Release|x86.Build.0 = Release|Any CPU
		{E381AF44-46B0-45D5-9CA8-A838CA1DA53E}.Debug|Any CPU.ActiveCfg = Debug|Any CPU
		{E381AF44-46B0-45D5-9CA8-A838CA1DA53E}.Debug|Any CPU.Build.0 = Debug|Any CPU
		{E381AF44-46B0-45D5-9CA8-A838CA1DA53E}.Debug|x64.ActiveCfg = Debug|Any CPU
		{E381AF44-46B0-45D5-9CA8-A838CA1DA53E}.Debug|x64.Build.0 = Debug|Any CPU
		{E381AF44-46B0-45D5-9CA8-A838CA1DA53E}.Debug|x86.ActiveCfg = Debug|Any CPU
		{E381AF44-46B0-45D5-9CA8-A838CA1DA53E}.Debug|x86.Build.0 = Debug|Any CPU
		{E381AF44-46B0-45D5-9CA8-A838CA1DA53E}.Release|Any CPU.ActiveCfg = Release|Any CPU
		{E381AF44-46B0-45D5-9CA8-A838CA1DA53E}.Release|Any CPU.Build.0 = Release|Any CPU
		{E381AF44-46B0-45D5-9CA8-A838CA1DA53E}.Release|x64.ActiveCfg = Release|Any CPU
		{E381AF44-46B0-45D5-9CA8-A838CA1DA53E}.Release|x64.Build.0 = Release|Any CPU
		{E381AF44-46B0-45D5-9CA8-A838CA1DA53E}.Release|x86.ActiveCfg = Release|Any CPU
		{E381AF44-46B0-45D5-9CA8-A838CA1DA53E}.Release|x86.Build.0 = Release|Any CPU
		{EA1E25DA-BFC2-409D-A059-EF3D3F3C7224}.Debug|Any CPU.ActiveCfg = Debug|Any CPU
		{EA1E25DA-BFC2-409D-A059-EF3D3F3C7224}.Debug|Any CPU.Build.0 = Debug|Any CPU
		{EA1E25DA-BFC2-409D-A059-EF3D3F3C7224}.Debug|x64.ActiveCfg = Debug|Any CPU
		{EA1E25DA-BFC2-409D-A059-EF3D3F3C7224}.Debug|x64.Build.0 = Debug|Any CPU
		{EA1E25DA-BFC2-409D-A059-EF3D3F3C7224}.Debug|x86.ActiveCfg = Debug|Any CPU
		{EA1E25DA-BFC2-409D-A059-EF3D3F3C7224}.Debug|x86.Build.0 = Debug|Any CPU
		{EA1E25DA-BFC2-409D-A059-EF3D3F3C7224}.Release|Any CPU.ActiveCfg = Release|Any CPU
		{EA1E25DA-BFC2-409D-A059-EF3D3F3C7224}.Release|Any CPU.Build.0 = Release|Any CPU
		{EA1E25DA-BFC2-409D-A059-EF3D3F3C7224}.Release|x64.ActiveCfg = Release|Any CPU
		{EA1E25DA-BFC2-409D-A059-EF3D3F3C7224}.Release|x64.Build.0 = Release|Any CPU
		{EA1E25DA-BFC2-409D-A059-EF3D3F3C7224}.Release|x86.ActiveCfg = Release|Any CPU
		{EA1E25DA-BFC2-409D-A059-EF3D3F3C7224}.Release|x86.Build.0 = Release|Any CPU
		{995A02BA-FDE6-46E2-9983-2FAA299676DD}.Debug|Any CPU.ActiveCfg = Debug|Any CPU
		{995A02BA-FDE6-46E2-9983-2FAA299676DD}.Debug|Any CPU.Build.0 = Debug|Any CPU
		{995A02BA-FDE6-46E2-9983-2FAA299676DD}.Debug|x64.ActiveCfg = Debug|Any CPU
		{995A02BA-FDE6-46E2-9983-2FAA299676DD}.Debug|x64.Build.0 = Debug|Any CPU
		{995A02BA-FDE6-46E2-9983-2FAA299676DD}.Debug|x86.ActiveCfg = Debug|Any CPU
		{995A02BA-FDE6-46E2-9983-2FAA299676DD}.Debug|x86.Build.0 = Debug|Any CPU
		{995A02BA-FDE6-46E2-9983-2FAA299676DD}.Release|Any CPU.ActiveCfg = Release|Any CPU
		{995A02BA-FDE6-46E2-9983-2FAA299676DD}.Release|Any CPU.Build.0 = Release|Any CPU
		{995A02BA-FDE6-46E2-9983-2FAA299676DD}.Release|x64.ActiveCfg = Release|Any CPU
		{995A02BA-FDE6-46E2-9983-2FAA299676DD}.Release|x64.Build.0 = Release|Any CPU
		{995A02BA-FDE6-46E2-9983-2FAA299676DD}.Release|x86.ActiveCfg = Release|Any CPU
		{995A02BA-FDE6-46E2-9983-2FAA299676DD}.Release|x86.Build.0 = Release|Any CPU
	EndGlobalSection
	GlobalSection(SolutionProperties) = preSolution
		HideSolutionNode = FALSE
	EndGlobalSection
	GlobalSection(NestedProjects) = preSolution
		{0EAEBB0A-EE12-4929-8B0A-6953B0E852F9} = {F6CFB9C6-B2ED-4079-BB9C-8B0558D0A28E}
		{A7D04DF3-A6C5-45DA-BB6A-1496EB4A5641} = {8F3C808B-A685-40DF-8EB3-21899450347E}
		{3C45CC30-043D-465A-B3E8-BA44346C5EB7} = {8F3C808B-A685-40DF-8EB3-21899450347E}
		{F9353E63-9148-4328-88AF-6514FF67ABFE} = {F6CFB9C6-B2ED-4079-BB9C-8B0558D0A28E}
		{C01BFB87-04AD-4DA1-B3FB-1DCDB1FDBBD4} = {57FAEEA0-DEBE-4939-85C9-FBDF07428CCB}
		{88805F4A-BD72-4B01-892E-BBCE4DEC7986} = {54B3835F-17DD-4749-B40D-1533BD81D36C}
		{542F8D69-0408-427F-B525-FC830B061E4B} = {54B3835F-17DD-4749-B40D-1533BD81D36C}
		{5B5D5620-AEAE-4F87-9905-9620D580FE32} = {54B3835F-17DD-4749-B40D-1533BD81D36C}
		{6AC77B45-4E1F-48D0-B53F-FBD5CB193F99} = {54B3835F-17DD-4749-B40D-1533BD81D36C}
		{DA82E3ED-FF80-4AB0-86E1-72E8029BBED4} = {732A897A-76AE-41E3-A7E4-55F16C1D56EB}
		{E381AF44-46B0-45D5-9CA8-A838CA1DA53E} = {732A897A-76AE-41E3-A7E4-55F16C1D56EB}
		{EA1E25DA-BFC2-409D-A059-EF3D3F3C7224} = {0CBA4AF6-52CB-4F44-9175-9548D1381080}
		{995A02BA-FDE6-46E2-9983-2FAA299676DD} = {57FAEEA0-DEBE-4939-85C9-FBDF07428CCB}
	EndGlobalSection
	GlobalSection(ExtensibilityGlobals) = postSolution
		SolutionGuid = {738CC66D-49E2-4B21-835F-94170D22A29D}
	EndGlobalSection
EndGlobal
