
Microsoft Visual Studio Solution File, Format Version 12.00
# Visual Studio 14
VisualStudioVersion = 14.0.24720.0
MinimumVisualStudioVersion = 10.0.40219.1
Project("{FAE04EC0-301F-11D3-BF4B-00C04F79EFBC}") = "AsyncProcess", "AsyncProcess\AsyncProcess.csproj", "{E080C01A-F3FB-435C-A860-C7AE0CCCB6DE}"
EndProject
Project("{FAE04EC0-301F-11D3-BF4B-00C04F79EFBC}") = "SingleThreadSynchronizationContext", "SingleThreadSynchronizationContext\SingleThreadSynchronizationContext.csproj", "{591660D0-4BF6-4E63-8B45-F097D8BE406A}"
EndProject
Project("{FAE04EC0-301F-11D3-BF4B-00C04F79EFBC}") = "RoslynInsertionTool.CommandLine", "RoslynInsertionTool.Commandline\RoslynInsertionTool.CommandLine.csproj", "{165B58E7-F2E8-4FB6-95C5-BC5BDD73FFE7}"
EndProject
Project("{FAE04EC0-301F-11D3-BF4B-00C04F79EFBC}") = "RoslynInsertionTool", "RoslynInsertionTool\RoslynInsertionTool.csproj", "{12C793BB-73C8-4057-9F69-0796317E5690}"
EndProject
Project("{2150E333-8FDC-42A3-9474-1A3956D46DE8}") = "Helper Libraries", "Helper Libraries", "{127BED3A-885B-4F9E-987B-A58DED85028B}"
EndProject
Global
	GlobalSection(SolutionConfigurationPlatforms) = preSolution
		Debug|Any CPU = Debug|Any CPU
		Release|Any CPU = Release|Any CPU
	EndGlobalSection
	GlobalSection(ProjectConfigurationPlatforms) = postSolution
		{E080C01A-F3FB-435C-A860-C7AE0CCCB6DE}.Debug|Any CPU.ActiveCfg = Debug|Any CPU
		{E080C01A-F3FB-435C-A860-C7AE0CCCB6DE}.Debug|Any CPU.Build.0 = Debug|Any CPU
		{E080C01A-F3FB-435C-A860-C7AE0CCCB6DE}.Release|Any CPU.ActiveCfg = Release|Any CPU
		{E080C01A-F3FB-435C-A860-C7AE0CCCB6DE}.Release|Any CPU.Build.0 = Release|Any CPU
		{591660D0-4BF6-4E63-8B45-F097D8BE406A}.Debug|Any CPU.ActiveCfg = Debug|Any CPU
		{591660D0-4BF6-4E63-8B45-F097D8BE406A}.Debug|Any CPU.Build.0 = Debug|Any CPU
		{591660D0-4BF6-4E63-8B45-F097D8BE406A}.Release|Any CPU.ActiveCfg = Release|Any CPU
		{591660D0-4BF6-4E63-8B45-F097D8BE406A}.Release|Any CPU.Build.0 = Release|Any CPU
		{165B58E7-F2E8-4FB6-95C5-BC5BDD73FFE7}.Debug|Any CPU.ActiveCfg = Debug|Any CPU
		{165B58E7-F2E8-4FB6-95C5-BC5BDD73FFE7}.Debug|Any CPU.Build.0 = Debug|Any CPU
		{165B58E7-F2E8-4FB6-95C5-BC5BDD73FFE7}.Release|Any CPU.ActiveCfg = Release|Any CPU
		{165B58E7-F2E8-4FB6-95C5-BC5BDD73FFE7}.Release|Any CPU.Build.0 = Release|Any CPU
		{12C793BB-73C8-4057-9F69-0796317E5690}.Debug|Any CPU.ActiveCfg = Debug|Any CPU
		{12C793BB-73C8-4057-9F69-0796317E5690}.Debug|Any CPU.Build.0 = Debug|Any CPU
		{12C793BB-73C8-4057-9F69-0796317E5690}.Release|Any CPU.ActiveCfg = Release|Any CPU
		{12C793BB-73C8-4057-9F69-0796317E5690}.Release|Any CPU.Build.0 = Release|Any CPU
	EndGlobalSection
	GlobalSection(SolutionProperties) = preSolution
		HideSolutionNode = FALSE
	EndGlobalSection
	GlobalSection(NestedProjects) = preSolution
		{E080C01A-F3FB-435C-A860-C7AE0CCCB6DE} = {127BED3A-885B-4F9E-987B-A58DED85028B}
		{591660D0-4BF6-4E63-8B45-F097D8BE406A} = {127BED3A-885B-4F9E-987B-A58DED85028B}
	EndGlobalSection
EndGlobal
